{
  "name": "performance-inteli",
  "version": "1.0.0",
  "lockfileVersion": 2,
  "requires": true,
  "packages": {
    "": {
      "name": "performance-inteli",
      "version": "1.0.0",
      "license": "ISC",
      "dependencies": {
        "dotenv": "^16.3.2",
        "fs": "^0.0.1-security",
        "nodemailer": "^6.9.4"
      }
    },
    "node_modules/dotenv": {
      "version": "16.3.2",
      "resolved": "https://registry.npmjs.org/dotenv/-/dotenv-16.3.2.tgz",
      "integrity": "sha512-HTlk5nmhkm8F6JcdXvHIzaorzCoziNQT9mGxLPVXW8wJF1TiGSL60ZGB4gHWabHOaMmWmhvk2/lPHfnBiT78AQ==",
      "engines": {
        "node": ">=12"
      },
      "funding": {
        "url": "https://github.com/motdotla/dotenv?sponsor=1"
      }
    },
    "node_modules/fs": {
      "version": "0.0.1-security",
      "resolved": "https://registry.npmjs.org/fs/-/fs-0.0.1-security.tgz",
      "integrity": "sha512-3XY9e1pP0CVEUCdj5BmfIZxRBTSDycnbqhIOGec9QYtmVH2fbLpj86CFWkrNOkt/Fvty4KZG5lTglL9j/gJ87w=="
    },
    "node_modules/nodemailer": {
      "version": "6.9.4",
      "resolved": "https://registry.npmjs.org/nodemailer/-/nodemailer-6.9.4.tgz",
      "integrity": "sha512-CXjQvrQZV4+6X5wP6ZIgdehJamI63MFoYFGGPtHudWym9qaEHDNdPzaj5bfMCvxG1vhAileSWW90q7nL0N36mA==",
      "engines": {
        "node": ">=6.0.0"
      }
    }
  },
  "dependencies": {
    "dotenv": {
      "version": "16.3.2",
      "resolved": "https://registry.npmjs.org/dotenv/-/dotenv-16.3.2.tgz",
      "integrity": "sha512-HTlk5nmhkm8F6JcdXvHIzaorzCoziNQT9mGxLPVXW8wJF1TiGSL60ZGB4gHWabHOaMmWmhvk2/lPHfnBiT78AQ=="
    },
    "fs": {
      "version": "0.0.1-security",
      "resolved": "https://registry.npmjs.org/fs/-/fs-0.0.1-security.tgz",
      "integrity": "sha512-3XY9e1pP0CVEUCdj5BmfIZxRBTSDycnbqhIOGec9QYtmVH2fbLpj86CFWkrNOkt/Fvty4KZG5lTglL9j/gJ87w=="
    },
    "nodemailer": {
      "version": "6.9.4",
      "resolved": "https://registry.npmjs.org/nodemailer/-/nodemailer-6.9.4.tgz",
      "integrity": "sha512-CXjQvrQZV4+6X5wP6ZIgdehJamI63MFoYFGGPtHudWym9qaEHDNdPzaj5bfMCvxG1vhAileSWW90q7nL0N36mA=="
    }
  }
}
